dependencies:
- name: memcached
  repository: https://charts.bitnami.com/bitnami
  version: 5.2.0
- name: memcached
  repository: https://charts.bitnami.com/bitnami
  version: 5.2.0
- name: memcached
  repository: https://charts.bitnami.com/bitnami
  version: 5.2.0
- name: memcached
  repository: https://charts.bitnami.com/bitnami
  version: 5.2.0
digest: sha256:a7ee30e930bca9b683ea37929711c0f46ced3d7b94daeb4bdb3a33f0d911c43b
generated: "2020-11-18T12:43:17.870093+01:00"
